
Microsoft Visual Studio Solution File, Format Version 12.00
# Visual Studio 15
VisualStudioVersion = 15.0.28307.168
MinimumVisualStudioVersion = 10.0.40219.1
Project("{FAE04EC0-301F-11D3-BF4B-00C04F79EFBC}") = "Oficina3B17", "Oficina3B17\Oficina3B17.csproj", "{A18503EE-6D7B-4DDA-861D-5A74993A1B38}"
EndProject
Global
	GlobalSection(SolutionConfigurationPlatforms) = preSolution
		Debug|Any CPU = Debug|Any CPU
		Release|Any CPU = Release|Any CPU
	EndGlobalSection
	GlobalSection(ProjectConfigurationPlatforms) = postSolution
		{A18503EE-6D7B-4DDA-861D-5A74993A1B38}.Debug|Any CPU.ActiveCfg = Debug|Any CPU
		{A18503EE-6D7B-4DDA-861D-5A74993A1B38}.Debug|Any CPU.Build.0 = Debug|Any CPU
		{A18503EE-6D7B-4DDA-861D-5A74993A1B38}.Release|Any CPU.ActiveCfg = Release|Any CPU
		{A18503EE-6D7B-4DDA-861D-5A74993A1B38}.Release|Any CPU.Build.0 = Release|Any CPU
	EndGlobalSection
	GlobalSection(SolutionProperties) = preSolution
		HideSolutionNode = FALSE
	EndGlobalSection
	GlobalSection(ExtensibilityGlobals) = postSolution
		SolutionGuid = {9B191AF4-5D9D-4FD1-8063-5DCD4B4CF652}
	EndGlobalSection
EndGlobal
